
Microsoft Visual Studio Solution File, Format Version 12.00
# Visual Studio Version 17
VisualStudioVersion = 17.11.35312.102
MinimumVisualStudioVersion = 10.0.40219.1
Project("{FAE04EC0-301F-11D3-BF4B-00C04F79EFBC}") = "OrderSystem2024", "OrderSystem2024\OrderSystem2024.csproj", "{4DF026A8-CAC0-492E-BC8F-BE20B47B5B48}"
EndProject
Global
	GlobalSection(SolutionConfigurationPlatforms) = preSolution
		Debug|Any CPU = Debug|Any CPU
		Release|Any CPU = Release|Any CPU
	EndGlobalSection
	GlobalSection(ProjectConfigurationPlatforms) = postSolution
		{4DF026A8-CAC0-492E-BC8F-BE20B47B5B48}.Debug|Any CPU.ActiveCfg = Debug|Any CPU
		{4DF026A8-CAC0-492E-BC8F-BE20B47B5B48}.Debug|Any CPU.Build.0 = Debug|Any CPU
		{4DF026A8-CAC0-492E-BC8F-BE20B47B5B48}.Release|Any CPU.ActiveCfg = Release|Any CPU
		{4DF026A8-CAC0-492E-BC8F-BE20B47B5B48}.Release|Any CPU.Build.0 = Release|Any CPU
	EndGlobalSection
	GlobalSection(SolutionProperties) = preSolution
		HideSolutionNode = FALSE
	EndGlobalSection
	GlobalSection(ExtensibilityGlobals) = postSolution
		SolutionGuid = {4B6D8792-F4F8-42F1-A523-95DE1AB3956C}
	EndGlobalSection
EndGlobal
